// !$*UTF8*$!
{
	archiveVersion = 1;
	classes = {
	};
	objectVersion = 50;
	objects = {

/* Begin PBXBuildFile section */
		C52AED22262D6409006B2D2B /* LogAnalyzerMock.swift in Sources */ = {isa = PBXBuildFile; fileRef = C52AED21262D6409006B2D2B /* LogAnalyzerMock.swift */; };
		C55F885E261585530072EF17 /* LogAnalyzer1.swift in Sources */ = {isa = PBXBuildFile; fileRef = C55F885D261585530072EF17 /* LogAnalyzer1.swift */; };
		C55F88662615860F0072EF17 /* LogAnalyzer2.swift in Sources */ = {isa = PBXBuildFile; fileRef = C55F88652615860F0072EF17 /* LogAnalyzer2.swift */; };
		C5C171E72615600C007B73CC /* AppDelegate.swift in Sources */ = {isa = PBXBuildFile; fileRef = C5C171E62615600C007B73CC /* AppDelegate.swift */; };
		C5C171E92615600C007B73CC /* SceneDelegate.swift in Sources */ = {isa = PBXBuildFile; fileRef = C5C171E82615600C007B73CC /* SceneDelegate.swift */; };
		C5C171EB2615600C007B73CC /* ViewController.swift in Sources */ = {isa = PBXBuildFile; fileRef = C5C171EA2615600C007B73CC /* ViewController.swift */; };
		C5C171EE2615600C007B73CC /* Main.storyboard in Resources */ = {isa = PBXBuildFile; fileRef = C5C171EC2615600C007B73CC /* Main.storyboard */; };
		C5C171F12615600C007B73CC /* UnitTestsExample.xcdatamodeld in Sources */ = {isa = PBXBuildFile; fileRef = C5C171EF2615600C007B73CC /* UnitTestsExample.xcdatamodeld */; };
		C5C171F32615600E007B73CC /* Assets.xcassets in Resources */ = {isa = PBXBuildFile; fileRef = C5C171F22615600E007B73CC /* Assets.xcassets */; };
		C5C171F62615600E007B73CC /* LaunchScreen.storyboard in Resources */ = {isa = PBXBuildFile; fileRef = C5C171F42615600E007B73CC /* LaunchScreen.storyboard */; };
		C5C17222261567D9007B73CC /* LogAnalyzerTests.swift in Sources */ = {isa = PBXBuildFile; fileRef = C5C17221261567D9007B73CC /* LogAnalyzerTests.swift */; };
		C5EABC6226281C6C0051B93B /* LogAnalyzerStub1.swift in Sources */ = {isa = PBXBuildFile; fileRef = C5EABC6126281C6C0051B93B /* LogAnalyzerStub1.swift */; };
		C5EABC6A262826DA0051B93B /* test.json in Resources */ = {isa = PBXBuildFile; fileRef = C5EABC69262826DA0051B93B /* test.json */; };
		C5EABC742628389B0051B93B /* LogAnalyzerStub2.swift in Sources */ = {isa = PBXBuildFile; fileRef = C5EABC732628389B0051B93B /* LogAnalyzerStub2.swift */; };
		C5EABC78262838DE0051B93B /* ExtentionManager.swift in Sources */ = {isa = PBXBuildFile; fileRef = C5EABC77262838DE0051B93B /* ExtentionManager.swift */; };
		C5EABC7E26283E3B0051B93B /* LogAnalyzerStub3.swift in Sources */ = {isa = PBXBuildFile; fileRef = C5EABC7D26283E3B0051B93B /* LogAnalyzerStub3.swift */; };
		C5EABC82262842580051B93B /* LogAnalyzerStub4.swift in Sources */ = {isa = PBXBuildFile; fileRef = C5EABC81262842580051B93B /* LogAnalyzerStub4.swift */; };
/* End PBXBuildFile section */

/* Begin PBXContainerItemProxy section */
		C5C171FD2615600E007B73CC /* PBXContainerItemProxy */ = {
			isa = PBXContainerItemProxy;
			containerPortal = C5C171DB2615600C007B73CC /* Project object */;
			proxyType = 1;
			remoteGlobalIDString = C5C171E22615600C007B73CC;
			remoteInfo = UnitTestsExample;
		};
/* End PBXContainerItemProxy section */

/* Begin PBXFileReference section */
		C52AED21262D6409006B2D2B /* LogAnalyzerMock.swift */ = {isa = PBXFileReference; lastKnownFileType = sourcecode.swift; path = LogAnalyzerMock.swift; sourceTree = "<group>"; };
		C55F885D261585530072EF17 /* LogAnalyzer1.swift */ = {isa = PBXFileReference; lastKnownFileType = sourcecode.swift; path = LogAnalyzer1.swift; sourceTree = "<group>"; };
		C55F88652615860F0072EF17 /* LogAnalyzer2.swift */ = {isa = PBXFileReference; lastKnownFileType = sourcecode.swift; path = LogAnalyzer2.swift; sourceTree = "<group>"; };
		C5C171E32615600C007B73CC /* UnitTestsExample.app */ = {isa = PBXFileReference; explicitFileType = wrapper.application; includeInIndex = 0; path = UnitTestsExample.app; sourceTree = BUILT_PRODUCTS_DIR; };
		C5C171E62615600C007B73CC /* AppDelegate.swift */ = {isa = PBXFileReference; lastKnownFileType = sourcecode.swift; path = AppDelegate.swift; sourceTree = "<group>"; };
		C5C171E82615600C007B73CC /* SceneDelegate.swift */ = {isa = PBXFileReference; lastKnownFileType = sourcecode.swift; path = SceneDelegate.swift; sourceTree = "<group>"; };
		C5C171EA2615600C007B73CC /* ViewController.swift */ = {isa = PBXFileReference; lastKnownFileType = sourcecode.swift; path = ViewController.swift; sourceTree = "<group>"; };
		C5C171ED2615600C007B73CC /* Base */ = {isa = PBXFileReference; lastKnownFileType = file.storyboard; name = Base; path = Base.lproj/Main.storyboard; sourceTree = "<group>"; };
		C5C171F02615600C007B73CC /* UnitTestsExample.xcdatamodel */ = {isa = PBXFileReference; lastKnownFileType = wrapper.xcdatamodel; path = UnitTestsExample.xcdatamodel; sourceTree = "<group>"; };
		C5C171F22615600E007B73CC /* Assets.xcassets */ = {isa = PBXFileReference; lastKnownFileType = folder.assetcatalog; path = Assets.xcassets; sourceTree = "<group>"; };
		C5C171F52615600E007B73CC /* Base */ = {isa = PBXFileReference; lastKnownFileType = file.storyboard; name = Base; path = Base.lproj/LaunchScreen.storyboard; sourceTree = "<group>"; };
		C5C171F72615600E007B73CC /* Info.plist */ = {isa = PBXFileReference; lastKnownFileType = text.plist.xml; path = Info.plist; sourceTree = "<group>"; };
		C5C171FC2615600E007B73CC /* UnitTestsExampleTests.xctest */ = {isa = PBXFileReference; explicitFileType = wrapper.cfbundle; includeInIndex = 0; path = UnitTestsExampleTests.xctest; sourceTree = BUILT_PRODUCTS_DIR; };
		C5C172022615600E007B73CC /* Info.plist */ = {isa = PBXFileReference; lastKnownFileType = text.plist.xml; path = Info.plist; sourceTree = "<group>"; };
		C5C17221261567D9007B73CC /* LogAnalyzerTests.swift */ = {isa = PBXFileReference; lastKnownFileType = sourcecode.swift; path = LogAnalyzerTests.swift; sourceTree = "<group>"; };
		C5EABC6126281C6C0051B93B /* LogAnalyzerStub1.swift */ = {isa = PBXFileReference; lastKnownFileType = sourcecode.swift; path = LogAnalyzerStub1.swift; sourceTree = "<group>"; };
		C5EABC69262826DA0051B93B /* test.json */ = {isa = PBXFileReference; fileEncoding = 4; lastKnownFileType = text.json; path = test.json; sourceTree = "<group>"; };
		C5EABC732628389B0051B93B /* LogAnalyzerStub2.swift */ = {isa = PBXFileReference; lastKnownFileType = sourcecode.swift; path = LogAnalyzerStub2.swift; sourceTree = "<group>"; };
		C5EABC77262838DE0051B93B /* ExtentionManager.swift */ = {isa = PBXFileReference; lastKnownFileType = sourcecode.swift; path = ExtentionManager.swift; sourceTree = "<group>"; };
		C5EABC7D26283E3B0051B93B /* LogAnalyzerStub3.swift */ = {isa = PBXFileReference; lastKnownFileType = sourcecode.swift; path = LogAnalyzerStub3.swift; sourceTree = "<group>"; };
		C5EABC81262842580051B93B /* LogAnalyzerStub4.swift */ = {isa = PBXFileReference; lastKnownFileType = sourcecode.swift; path = LogAnalyzerStub4.swift; sourceTree = "<group>"; };
/* End PBXFileReference section */

/* Begin PBXFrameworksBuildPhase section */
		C5C171E02615600C007B73CC /* Frameworks */ = {
			isa = PBXFrameworksBuildPhase;
			buildActionMask = 2147483647;
			files = (
			);
			runOnlyForDeploymentPostprocessing = 0;
		};
		C5C171F92615600E007B73CC /* Frameworks */ = {
			isa = PBXFrameworksBuildPhase;
			buildActionMask = 2147483647;
			files = (
			);
			runOnlyForDeploymentPostprocessing = 0;
		};
/* End PBXFrameworksBuildPhase section */

/* Begin PBXGroup section */
		C5C171DA2615600C007B73CC = {
			isa = PBXGroup;
			children = (
				C5C171E52615600C007B73CC /* UnitTestsExample */,
				C5C171FF2615600E007B73CC /* UnitTestsExampleTests */,
				C5C171E42615600C007B73CC /* Products */,
			);
			sourceTree = "<group>";
		};
		C5C171E42615600C007B73CC /* Products */ = {
			isa = PBXGroup;
			children = (
				C5C171E32615600C007B73CC /* UnitTestsExample.app */,
				C5C171FC2615600E007B73CC /* UnitTestsExampleTests.xctest */,
			);
			name = Products;
			sourceTree = "<group>";
		};
		C5C171E52615600C007B73CC /* UnitTestsExample */ = {
			isa = PBXGroup;
			children = (
				C5C171E62615600C007B73CC /* AppDelegate.swift */,
				C5C171E82615600C007B73CC /* SceneDelegate.swift */,
				C5C171EA2615600C007B73CC /* ViewController.swift */,
				C55F885D261585530072EF17 /* LogAnalyzer1.swift */,
				C55F88652615860F0072EF17 /* LogAnalyzer2.swift */,
				C5EABC6526281C710051B93B /* Stub */,
				C5EABC6626281C780051B93B /* Mock */,
				C5EABC69262826DA0051B93B /* test.json */,
				C5C171EC2615600C007B73CC /* Main.storyboard */,
				C5C171F22615600E007B73CC /* Assets.xcassets */,
				C5C171F42615600E007B73CC /* LaunchScreen.storyboard */,
				C5C171F72615600E007B73CC /* Info.plist */,
				C5C171EF2615600C007B73CC /* UnitTestsExample.xcdatamodeld */,
			);
			path = UnitTestsExample;
			sourceTree = "<group>";
		};
		C5C171FF2615600E007B73CC /* UnitTestsExampleTests */ = {
			isa = PBXGroup;
			children = (
				C5C17221261567D9007B73CC /* LogAnalyzerTests.swift */,
				C5C172022615600E007B73CC /* Info.plist */,
			);
			path = UnitTestsExampleTests;
			sourceTree = "<group>";
		};
		C5EABC6526281C710051B93B /* Stub */ = {
			isa = PBXGroup;
			children = (
				C5EABC77262838DE0051B93B /* ExtentionManager.swift */,
				C5EABC6126281C6C0051B93B /* LogAnalyzerStub1.swift */,
				C5EABC732628389B0051B93B /* LogAnalyzerStub2.swift */,
				C5EABC7D26283E3B0051B93B /* LogAnalyzerStub3.swift */,
				C5EABC81262842580051B93B /* LogAnalyzerStub4.swift */,
			);
			path = Stub;
			sourceTree = "<group>";
		};
		C5EABC6626281C780051B93B /* Mock */ = {
			isa = PBXGroup;
			children = (
				C52AED21262D6409006B2D2B /* LogAnalyzerMock.swift */,
			);
			path = Mock;
			sourceTree = "<group>";
		};
/* End PBXGroup section */

/* Begin PBXNativeTarget section */
		C5C171E22615600C007B73CC /* UnitTestsExample */ = {
			isa = PBXNativeTarget;
			buildConfigurationList = C5C172102615600E007B73CC /* Build configuration list for PBXNativeTarget "UnitTestsExample" */;
			buildPhases = (
				C5C171DF2615600C007B73CC /* Sources */,
				C5C171E02615600C007B73CC /* Frameworks */,
				C5C171E12615600C007B73CC /* Resources */,
			);
			buildRules = (
			);
			dependencies = (
			);
			name = UnitTestsExample;
			productName = UnitTestsExample;
			productReference = C5C171E32615600C007B73CC /* UnitTestsExample.app */;
			productType = "com.apple.product-type.application";
		};
		C5C171FB2615600E007B73CC /* UnitTestsExampleTests */ = {
			isa = PBXNativeTarget;
			buildConfigurationList = C5C172132615600E007B73CC /* Build configuration list for PBXNativeTarget "UnitTestsExampleTests" */;
			buildPhases = (
				C5C171F82615600E007B73CC /* Sources */,
				C5C171F92615600E007B73CC /* Frameworks */,
				C5C171FA2615600E007B73CC /* Resources */,
			);
			buildRules = (
			);
			dependencies = (
				C5C171FE2615600E007B73CC /* PBXTargetDependency */,
			);
			name = UnitTestsExampleTests;
			productName = UnitTestsExampleTests;
			productReference = C5C171FC2615600E007B73CC /* UnitTestsExampleTests.xctest */;
			productType = "com.apple.product-type.bundle.unit-test";
		};
/* End PBXNativeTarget section */

/* Begin PBXProject section */
		C5C171DB2615600C007B73CC /* Project object */ = {
			isa = PBXProject;
			attributes = {
				LastSwiftUpdateCheck = 1240;
				LastUpgradeCheck = 1240;
				TargetAttributes = {
					C5C171E22615600C007B73CC = {
						CreatedOnToolsVersion = 12.4;
					};
					C5C171FB2615600E007B73CC = {
						CreatedOnToolsVersion = 12.4;
						TestTargetID = C5C171E22615600C007B73CC;
					};
				};
			};
			buildConfigurationList = C5C171DE2615600C007B73CC /* Build configuration list for PBXProject "UnitTestsExample" */;
			compatibilityVersion = "Xcode 9.3";
			developmentRegion = en;
			hasScannedForEncodings = 0;
			knownRegions = (
				en,
				Base,
			);
			mainGroup = C5C171DA2615600C007B73CC;
			productRefGroup = C5C171E42615600C007B73CC /* Products */;
			projectDirPath = "";
			projectRoot = "";
			targets = (
				C5C171E22615600C007B73CC /* UnitTestsExample */,
				C5C171FB2615600E007B73CC /* UnitTestsExampleTests */,
			);
		};
/* End PBXProject section */

/* Begin PBXResourcesBuildPhase section */
		C5C171E12615600C007B73CC /* Resources */ = {
			isa = PBXResourcesBuildPhase;
			buildActionMask = 2147483647;
			files = (
				C5C171F62615600E007B73CC /* LaunchScreen.storyboard in Resources */,
				C5EABC6A262826DA0051B93B /* test.json in Resources */,
				C5C171F32615600E007B73CC /* Assets.xcassets in Resources */,
				C5C171EE2615600C007B73CC /* Main.storyboard in Resources */,
			);
			runOnlyForDeploymentPostprocessing = 0;
		};
		C5C171FA2615600E007B73CC /* Resources */ = {
			isa = PBXResourcesBuildPhase;
			buildActionMask = 2147483647;
			files = (
			);
			runOnlyForDeploymentPostprocessing = 0;
		};
/* End PBXResourcesBuildPhase section */

/* Begin PBXSourcesBuildPhase section */
		C5C171DF2615600C007B73CC /* Sources */ = {
			isa = PBXSourcesBuildPhase;
			buildActionMask = 2147483647;
			files = (
				C5EABC82262842580051B93B /* LogAnalyzerStub4.swift in Sources */,
				C5C171F12615600C007B73CC /* UnitTestsExample.xcdatamodeld in Sources */,
				C52AED22262D6409006B2D2B /* LogAnalyzerMock.swift in Sources */,
				C5EABC742628389B0051B93B /* LogAnalyzerStub2.swift in Sources */,
				C5EABC7E26283E3B0051B93B /* LogAnalyzerStub3.swift in Sources */,
				C55F885E261585530072EF17 /* LogAnalyzer1.swift in Sources */,
				C5EABC6226281C6C0051B93B /* LogAnalyzerStub1.swift in Sources */,
				C5C171EB2615600C007B73CC /* ViewController.swift in Sources */,
				C5EABC78262838DE0051B93B /* ExtentionManager.swift in Sources */,
				C5C171E72615600C007B73CC /* AppDelegate.swift in Sources */,
				C5C171E92615600C007B73CC /* SceneDelegate.swift in Sources */,
				C55F88662615860F0072EF17 /* LogAnalyzer2.swift in Sources */,
			);
			runOnlyForDeploymentPostprocessing = 0;
		};
		C5C171F82615600E007B73CC /* Sources */ = {
			isa = PBXSourcesBuildPhase;
			buildActionMask = 2147483647;
			files = (
				C5C17222261567D9007B73CC /* LogAnalyzerTests.swift in Sources */,
			);
			runOnlyForDeploymentPostprocessing = 0;
		};
/* End PBXSourcesBuildPhase section */

/* Begin PBXTargetDependency section */
		C5C171FE2615600E007B73CC /* PBXTargetDependency */ = {
			isa = PBXTargetDependency;
			target = C5C171E22615600C007B73CC /* UnitTestsExample */;
			targetProxy = C5C171FD2615600E007B73CC /* PBXContainerItemProxy */;
		};
/* End PBXTargetDependency section */

/* Begin PBXVariantGroup section */
		C5C171EC2615600C007B73CC /* Main.storyboard */ = {
			isa = PBXVariantGroup;
			children = (
				C5C171ED2615600C007B73CC /* Base */,
			);
			name = Main.storyboard;
			sourceTree = "<group>";
		};
		C5C171F42615600E007B73CC /* LaunchScreen.storyboard */ = {
			isa = PBXVariantGroup;
			children = (
				C5C171F52615600E007B73CC /* Base */,
			);
			name = LaunchScreen.storyboard;
			sourceTree = "<group>";
		};
/* End PBXVariantGroup section */

/* Begin XCBuildConfiguration section */
		C5C1720E2615600E007B73CC /* Debug */ = {
			isa = XCBuildConfiguration;
			buildSettings = {
				ALWAYS_SEARCH_USER_PATHS = NO;
				CLANG_ANALYZER_NONNULL = YES;
				CLANG_ANALYZER_NUMBER_OBJECT_CONVERSION = YES_AGGRESSIVE;
				CLANG_CXX_LANGUAGE_STANDARD = "gnu++14";
				CLANG_CXX_LIBRARY = "libc++";
				CLANG_ENABLE_MODULES = YES;
				CLANG_ENABLE_OBJC_ARC = YES;
				CLANG_ENABLE_OBJC_WEAK = YES;
				CLANG_WARN_BLOCK_CAPTURE_AUTORELEASING = YES;
				CLANG_WARN_BOOL_CONVERSION = YES;
				CLANG_WARN_COMMA = YES;
				CLANG_WARN_CONSTANT_CONVERSION = YES;
				CLANG_WARN_DEPRECATED_OBJC_IMPLEMENTATIONS = YES;
				CLANG_WARN_DIRECT_OBJC_ISA_USAGE = YES_ERROR;
				CLANG_WARN_DOCUMENTATION_COMMENTS = YES;
				CLANG_WARN_EMPTY_BODY = YES;
				CLANG_WARN_ENUM_CONVERSION = YES;
				CLANG_WARN_INFINITE_RECURSION = YES;
				CLANG_WARN_INT_CONVERSION = YES;
				CLANG_WARN_NON_LITERAL_NULL_CONVERSION = YES;
				CLANG_WARN_OBJC_IMPLICIT_RETAIN_SELF = YES;
				CLANG_WARN_OBJC_LITERAL_CONVERSION = YES;
				CLANG_WARN_OBJC_ROOT_CLASS = YES_ERROR;
				CLANG_WARN_QUOTED_INCLUDE_IN_FRAMEWORK_HEADER = YES;
				CLANG_WARN_RANGE_LOOP_ANALYSIS = YES;
				CLANG_WARN_STRICT_PROTOTYPES = YES;
				CLANG_WARN_SUSPICIOUS_MOVE = YES;
				CLANG_WARN_UNGUARDED_AVAILABILITY = YES_AGGRESSIVE;
				CLANG_WARN_UNREACHABLE_CODE = YES;
				CLANG_WARN__DUPLICATE_METHOD_MATCH = YES;
				COPY_PHASE_STRIP = NO;
				DEBUG_INFORMATION_FORMAT = dwarf;
				ENABLE_STRICT_OBJC_MSGSEND = YES;
				ENABLE_TESTABILITY = YES;
				GCC_C_LANGUAGE_STANDARD = gnu11;
				GCC_DYNAMIC_NO_PIC = NO;
				GCC_NO_COMMON_BLOCKS = YES;
				GCC_OPTIMIZATION_LEVEL = 0;
				GCC_PREPROCESSOR_DEFINITIONS = (
					"DEBUG=1",
					"$(inherited)",
				);
				GCC_WARN_64_TO_32_BIT_CONVERSION = YES;
				GCC_WARN_ABOUT_RETURN_TYPE = YES_ERROR;
				GCC_WARN_UNDECLARED_SELECTOR = YES;
				GCC_WARN_UNINITIALIZED_AUTOS = YES_AGGRESSIVE;
				GCC_WARN_UNUSED_FUNCTION = YES;
				GCC_WARN_UNUSED_VARIABLE = YES;
				IPHONEOS_DEPLOYMENT_TARGET = 14.4;
				MTL_ENABLE_DEBUG_INFO = INCLUDE_SOURCE;
				MTL_FAST_MATH = YES;
				ONLY_ACTIVE_ARCH = YES;
				SDKROOT = iphoneos;
				SWIFT_ACTIVE_COMPILATION_CONDITIONS = DEBUG;
				SWIFT_OPTIMIZATION_LEVEL = "-Onone";
			};
			name = Debug;
		};
		C5C1720F2615600E007B73CC /* Release */ = {
			isa = XCBuildConfiguration;
			buildSettings = {
				ALWAYS_SEARCH_USER_PATHS = NO;
				CLANG_ANALYZER_NONNULL = YES;
				CLANG_ANALYZER_NUMBER_OBJECT_CONVERSION = YES_AGGRESSIVE;
				CLANG_CXX_LANGUAGE_STANDARD = "gnu++14";
				CLANG_CXX_LIBRARY = "libc++";
				CLANG_ENABLE_MODULES = YES;
				CLANG_ENABLE_OBJC_ARC = YES;
				CLANG_ENABLE_OBJC_WEAK = YES;
				CLANG_WARN_BLOCK_CAPTURE_AUTORELEASING = YES;
				CLANG_WARN_BOOL_CONVERSION = YES;
				CLANG_WARN_COMMA = YES;
				CLANG_WARN_CONSTANT_CONVERSION = YES;
				CLANG_WARN_DEPRECATED_OBJC_IMPLEMENTATIONS = YES;
				CLANG_WARN_DIRECT_OBJC_ISA_USAGE = YES_ERROR;
				CLANG_WARN_DOCUMENTATION_COMMENTS = YES;
				CLANG_WARN_EMPTY_BODY = YES;
				CLANG_WARN_ENUM_CONVERSION = YES;
				CLANG_WARN_INFINITE_RECURSION = YES;
				CLANG_WARN_INT_CONVERSION = YES;
				CLANG_WARN_NON_LITERAL_NULL_CONVERSION = YES;
				CLANG_WARN_OBJC_IMPLICIT_RETAIN_SELF = YES;
				CLANG_WARN_OBJC_LITERAL_CONVERSION = YES;
				CLANG_WARN_OBJC_ROOT_CLASS = YES_ERROR;
				CLANG_WARN_QUOTED_INCLUDE_IN_FRAMEWORK_HEADER = YES;
				CLANG_WARN_RANGE_LOOP_ANALYSIS = YES;
				CLANG_WARN_STRICT_PROTOTYPES = YES;
				CLANG_WARN_SUSPICIOUS_MOVE = YES;
				CLANG_WARN_UNGUARDED_AVAILABILITY = YES_AGGRESSIVE;
				CLANG_WARN_UNREACHABLE_CODE = YES;
				CLANG_WARN__DUPLICATE_METHOD_MATCH = YES;
				COPY_PHASE_STRIP = NO;
				DEBUG_INFORMATION_FORMAT = "dwarf-with-dsym";
				ENABLE_NS_ASSERTIONS = NO;
				ENABLE_STRICT_OBJC_MSGSEND = YES;
				GCC_C_LANGUAGE_STANDARD = gnu11;
				GCC_NO_COMMON_BLOCKS = YES;
				GCC_WARN_64_TO_32_BIT_CONVERSION = YES;
				GCC_WARN_ABOUT_RETURN_TYPE = YES_ERROR;
				GCC_WARN_UNDECLARED_SELECTOR = YES;
				GCC_WARN_UNINITIALIZED_AUTOS = YES_AGGRESSIVE;
				GCC_WARN_UNUSED_FUNCTION = YES;
				GCC_WARN_UNUSED_VARIABLE = YES;
				IPHONEOS_DEPLOYMENT_TARGET = 14.4;
				MTL_ENABLE_DEBUG_INFO = NO;
				MTL_FAST_MATH = YES;
				SDKROOT = iphoneos;
				SWIFT_COMPILATION_MODE = wholemodule;
				SWIFT_OPTIMIZATION_LEVEL = "-O";
				VALIDATE_PRODUCT = YES;
			};
			name = Release;
		};
		C5C172112615600E007B73CC /* Debug */ = {
			isa = XCBuildConfiguration;
			buildSettings = {
				ASSETCATALOG_COMPILER_APPICON_NAME = AppIcon;
				ASSETCATALOG_COMPILER_GLOBAL_ACCENT_COLOR_NAME = AccentColor;
				CODE_SIGN_STYLE = Automatic;
				DEVELOPMENT_TEAM = 77RXGMVA8A;
				INFOPLIST_FILE = UnitTestsExample/Info.plist;
				LD_RUNPATH_SEARCH_PATHS = (
					"$(inherited)",
					"@executable_path/Frameworks",
				);
				PRODUCT_BUNDLE_IDENTIFIER = test.UnitTestsExample;
				PRODUCT_NAME = "$(TARGET_NAME)";
				SWIFT_VERSION = 5.0;
				TARGETED_DEVICE_FAMILY = "1,2";
			};
			name = Debug;
		};
		C5C172122615600E007B73CC /* Release */ = {
			isa = XCBuildConfiguration;
			buildSettings = {
				ASSETCATALOG_COMPILER_APPICON_NAME = AppIcon;
				ASSETCATALOG_COMPILER_GLOBAL_ACCENT_COLOR_NAME = AccentColor;
				CODE_SIGN_STYLE = Automatic;
				DEVELOPMENT_TEAM = 77RXGMVA8A;
				INFOPLIST_FILE = UnitTestsExample/Info.plist;
				LD_RUNPATH_SEARCH_PATHS = (
					"$(inherited)",
					"@executable_path/Frameworks",
				);
				PRODUCT_BUNDLE_IDENTIFIER = test.UnitTestsExample;
				PRODUCT_NAME = "$(TARGET_NAME)";
				SWIFT_VERSION = 5.0;
				TARGETED_DEVICE_FAMILY = "1,2";
			};
			name = Release;
		};
		C5C172142615600E007B73CC /* Debug */ = {
			isa = XCBuildConfiguration;
			buildSettings = {
				ALWAYS_EMBED_SWIFT_STANDARD_LIBRARIES = YES;
				BUNDLE_LOADER = "$(TEST_HOST)";
				CODE_SIGN_STYLE = Automatic;
				DEVELOPMENT_TEAM = 77RXGMVA8A;
				INFOPLIST_FILE = UnitTestsExampleTests/Info.plist;
				IPHONEOS_DEPLOYMENT_TARGET = 14.4;
				LD_RUNPATH_SEARCH_PATHS = (
					"$(inherited)",
					"@executable_path/Frameworks",
					"@loader_path/Frameworks",
				);
				PRODUCT_BUNDLE_IDENTIFIER = test.UnitTestsExampleTests;
				PRODUCT_NAME = "$(TARGET_NAME)";
				SWIFT_VERSION = 5.0;
				TARGETED_DEVICE_FAMILY = "1,2";
				TEST_HOST = "$(BUILT_PRODUCTS_DIR)/UnitTestsExample.app/UnitTestsExample";
			};
			name = Debug;
		};
		C5C172152615600E007B73CC /* Release */ = {
			isa = XCBuildConfiguration;
			buildSettings = {
				ALWAYS_EMBED_SWIFT_STANDARD_LIBRARIES = YES;
				BUNDLE_LOADER = "$(TEST_HOST)";
				CODE_SIGN_STYLE = Automatic;
				DEVELOPMENT_TEAM = 77RXGMVA8A;
				INFOPLIST_FILE = UnitTestsExampleTests/Info.plist;
				IPHONEOS_DEPLOYMENT_TARGET = 14.4;
				LD_RUNPATH_SEARCH_PATHS = (
					"$(inherited)",
					"@executable_path/Frameworks",
					"@loader_path/Frameworks",
				);
				PRODUCT_BUNDLE_IDENTIFIER = test.UnitTestsExampleTests;
				PRODUCT_NAME = "$(TARGET_NAME)";
				SWIFT_VERSION = 5.0;
				TARGETED_DEVICE_FAMILY = "1,2";
				TEST_HOST = "$(BUILT_PRODUCTS_DIR)/UnitTestsExample.app/UnitTestsExample";
			};
			name = Release;
		};
/* End XCBuildConfiguration section */

/* Begin XCConfigurationList section */
		C5C171DE2615600C007B73CC /* Build configuration list for PBXProject "UnitTestsExample" */ = {
			isa = XCConfigurationList;
			buildConfigurations = (
				C5C1720E2615600E007B73CC /* Debug */,
				C5C1720F2615600E007B73CC /* Release */,
			);
			defaultConfigurationIsVisible = 0;
			defaultConfigurationName = Release;
		};
		C5C172102615600E007B73CC /* Build configuration list for PBXNativeTarget "UnitTestsExample" */ = {
			isa = XCConfigurationList;
			buildConfigurations = (
				C5C172112615600E007B73CC /* Debug */,
				C5C172122615600E007B73CC /* Release */,
			);
			defaultConfigurationIsVisible = 0;
			defaultConfigurationName = Release;
		};
		C5C172132615600E007B73CC /* Build configuration list for PBXNativeTarget "UnitTestsExampleTests" */ = {
			isa = XCConfigurationList;
			buildConfigurations = (
				C5C172142615600E007B73CC /* Debug */,
				C5C172152615600E007B73CC /* Release */,
			);
			defaultConfigurationIsVisible = 0;
			defaultConfigurationName = Release;
		};
/* End XCConfigurationList section */

/* Begin XCVersionGroup section */
		C5C171EF2615600C007B73CC /* UnitTestsExample.xcdatamodeld */ = {
			isa = XCVersionGroup;
			children = (
				C5C171F02615600C007B73CC /* UnitTestsExample.xcdatamodel */,
			);
			currentVersion = C5C171F02615600C007B73CC /* UnitTestsExample.xcdatamodel */;
			path = UnitTestsExample.xcdatamodeld;
			sourceTree = "<group>";
			versionGroupType = wrapper.xcdatamodel;
		};
/* End XCVersionGroup section */
	};
	rootObject = C5C171DB2615600C007B73CC /* Project object */;
}
